
Microsoft Visual Studio Solution File, Format Version 12.00
# Visual Studio Version 17
VisualStudioVersion = 17.12.35707.178 d17.12
MinimumVisualStudioVersion = 10.0.40219.1
Project("{FAE04EC0-301F-11D3-BF4B-00C04F79EFBC}") = "Verificación_de_Acceso", "Verificación_de_Acceso\Verificación_de_Acceso.csproj", "{62955C08-F2D6-4FBD-ABB0-B554EAC43621}"
EndProject
Global
	GlobalSection(SolutionConfigurationPlatforms) = preSolution
		Debug|Any CPU = Debug|Any CPU
		Release|Any CPU = Release|Any CPU
	EndGlobalSection
	GlobalSection(ProjectConfigurationPlatforms) = postSolution
		{62955C08-F2D6-4FBD-ABB0-B554EAC43621}.Debug|Any CPU.ActiveCfg = Debug|Any CPU
		{62955C08-F2D6-4FBD-ABB0-B554EAC43621}.Debug|Any CPU.Build.0 = Debug|Any CPU
		{62955C08-F2D6-4FBD-ABB0-B554EAC43621}.Release|Any CPU.ActiveCfg = Release|Any CPU
		{62955C08-F2D6-4FBD-ABB0-B554EAC43621}.Release|Any CPU.Build.0 = Release|Any CPU
	EndGlobalSection
	GlobalSection(SolutionProperties) = preSolution
		HideSolutionNode = FALSE
	EndGlobalSection
EndGlobal
